// !$*UTF8*$!
{
	archiveVersion = 1;
	classes = {
	};
	objectVersion = 46;
	objects = {

/* Begin PBXBuildFile section */
		98132E531F18F15A003F7F0D /* AppDelegate.swift in Sources */ = {isa = PBXBuildFile; fileRef = 98132E521F18F15A003F7F0D /* AppDelegate.swift */; };
		98132E551F18F15A003F7F0D /* ViewController.swift in Sources */ = {isa = PBXBuildFile; fileRef = 98132E541F18F15A003F7F0D /* ViewController.swift */; };
		98132E581F18F15A003F7F0D /* Main.storyboard in Resources */ = {isa = PBXBuildFile; fileRef = 98132E561F18F15A003F7F0D /* Main.storyboard */; };
		98132E5A1F18F15A003F7F0D /* Assets.xcassets in Resources */ = {isa = PBXBuildFile; fileRef = 98132E591F18F15A003F7F0D /* Assets.xcassets */; };
		98132E5D1F18F15A003F7F0D /* LaunchScreen.storyboard in Resources */ = {isa = PBXBuildFile; fileRef = 98132E5B1F18F15A003F7F0D /* LaunchScreen.storyboard */; };
/* End PBXBuildFile section */

/* Begin PBXFileReference section */
		98132E4F1F18F15A003F7F0D /* PokiFinder.app */ = {isa = PBXFileReference; explicitFileType = wrapper.application; includeInIndex = 0; path = PokiFinder.app; sourceTree = BUILT_PRODUCTS_DIR; };
		98132E521F18F15A003F7F0D /* AppDelegate.swift */ = {isa = PBXFileReference; lastKnownFileType = sourcecode.swift; path = AppDelegate.swift; sourceTree = "<group>"; };
		98132E541F18F15A003F7F0D /* ViewController.swift */ = {isa = PBXFileReference; lastKnownFileType = sourcecode.swift; path = ViewController.swift; sourceTree = "<group>"; };
		98132E571F18F15A003F7F0D /* Base */ = {isa = PBXFileReference; lastKnownFileType = file.storyboard; name = Base; path = Base.lproj/Main.storyboard; sourceTree = "<group>"; };
		98132E591F18F15A003F7F0D /* Assets.xcassets */ = {isa = PBXFileReference; lastKnownFileType = folder.assetcatalog; path = Assets.xcassets; sourceTree = "<group>"; };
		98132E5C1F18F15A003F7F0D /* Base */ = {isa = PBXFileReference; lastKnownFileType = file.storyboard; name = Base; path = Base.lproj/LaunchScreen.storyboard; sourceTree = "<group>"; };
		98132E5E1F18F15B003F7F0D /* Info.plist */ = {isa = PBXFileReference; lastKnownFileType = text.plist.xml; path = Info.plist; sourceTree = "<group>"; };
/* End PBXFileReference section */

/* Begin PBXFrameworksBuildPhase section */
		98132E4C1F18F15A003F7F0D /* Frameworks */ = {
			isa = PBXFrameworksBuildPhase;
			buildActionMask = 2147483647;
			files = (
			);
			runOnlyForDeploymentPostprocessing = 0;
		};
/* End PBXFrameworksBuildPhase section */

/* Begin PBXGroup section */
		98132E461F18F15A003F7F0D = {
			isa = PBXGroup;
			children = (
				98132E511F18F15A003F7F0D /* PokiFinder */,
				98132E501F18F15A003F7F0D /* Products */,
			);
			sourceTree = "<group>";
		};
		98132E501F18F15A003F7F0D /* Products */ = {
			isa = PBXGroup;
			children = (
				98132E4F1F18F15A003F7F0D /* PokiFinder.app */,
			);
			name = Products;
			sourceTree = "<group>";
		};
		98132E511F18F15A003F7F0D /* PokiFinder */ = {
			isa = PBXGroup;
			children = (
				98132E521F18F15A003F7F0D /* AppDelegate.swift */,
				98132E541F18F15A003F7F0D /* ViewController.swift */,
				98132E561F18F15A003F7F0D /* Main.storyboard */,
				98132E591F18F15A003F7F0D /* Assets.xcassets */,
				98132E5B1F18F15A003F7F0D /* LaunchScreen.storyboard */,
				98132E5E1F18F15B003F7F0D /* Info.plist */,
			);
			path = PokiFinder;
			sourceTree = "<group>";
		};
/* End PBXGroup section */

/* Begin PBXNativeTarget section */
		98132E4E1F18F15A003F7F0D /* PokiFinder */ = {
			isa = PBXNativeTarget;
			buildConfigurationList = 98132E611F18F15B003F7F0D /* Build configuration list for PBXNativeTarget "PokiFinder" */;
			buildPhases = (
				98132E4B1F18F15A003F7F0D /* Sources */,
				98132E4C1F18F15A003F7F0D /* Frameworks */,
				98132E4D1F18F15A003F7F0D /* Resources */,
			);
			buildRules = (
			);
			dependencies = (
			);
			name = PokiFinder;
			productName = PokiFinder;
			productReference = 98132E4F1F18F15A003F7F0D /* PokiFinder.app */;
			productType = "com.apple.product-type.application";
		};
/* End PBXNativeTarget section */

/* Begin PBXProject section */
		98132E471F18F15A003F7F0D /* Project object */ = {
			isa = PBXProject;
			attributes = {
				LastSwiftUpdateCheck = 0830;
				LastUpgradeCheck = 0830;
				ORGANIZATIONNAME = "Badr Moh";
				TargetAttributes = {
					98132E4E1F18F15A003F7F0D = {
						CreatedOnToolsVersion = 8.3.3;
						DevelopmentTeam = P55Z59EHDR;
						ProvisioningStyle = Automatic;
					};
				};
			};
			buildConfigurationList = 98132E4A1F18F15A003F7F0D /* Build configuration list for PBXProject "PokiFinder" */;
			compatibilityVersion = "Xcode 3.2";
			developmentRegion = English;
			hasScannedForEncodings = 0;
			knownRegions = (
				en,
				Base,
			);
			mainGroup = 98132E461F18F15A003F7F0D;
			productRefGroup = 98132E501F18F15A003F7F0D /* Products */;
			projectDirPath = "";
			projectRoot = "";
			targets = (
				98132E4E1F18F15A003F7F0D /* PokiFinder */,
			);
		};
/* End PBXProject section */

/* Begin PBXResourcesBuildPhase section */
		98132E4D1F18F15A003F7F0D /* Resources */ = {
			isa = PBXResourcesBuildPhase;
			buildActionMask = 2147483647;
			files = (
				98132E5D1F18F15A003F7F0D /* LaunchScreen.storyboard in Resources */,
				98132E5A1F18F15A003F7F0D /* Assets.xcassets in Resources */,
				98132E581F18F15A003F7F0D /* Main.storyboard in Resources */,
			);
			runOnlyForDeploymentPostprocessing = 0;
		};
/* End PBXResourcesBuildPhase section */

/* Begin PBXSourcesBuildPhase section */
		98132E4B1F18F15A003F7F0D /* Sources */ = {
			isa = PBXSourcesBuildPhase;
			buildActionMask = 2147483647;
			files = (
				98132E551F18F15A003F7F0D /* ViewController.swift in Sources */,
				98132E531F18F15A003F7F0D /* AppDelegate.swift in Sources */,
			);
			runOnlyForDeploymentPostprocessing = 0;
		};
/* End PBXSourcesBuildPhase section */

/* Begin PBXVariantGroup section */
		98132E561F18F15A003F7F0D /* Main.storyboard */ = {
			isa = PBXVariantGroup;
			children = (
				98132E571F18F15A003F7F0D /* Base */,
			);
			name = Main.storyboard;
			sourceTree = "<group>";
		};
		98132E5B1F18F15A003F7F0D /* LaunchScreen.storyboard */ = {
			isa = PBXVariantGroup;
			children = (
				98132E5C1F18F15A003F7F0D /* Base */,
			);
			name = LaunchScreen.storyboard;
			sourceTree = "<group>";
		};
/* End PBXVariantGroup section */

/* Begin XCBuildConfiguration section */
		98132E5F1F18F15B003F7F0D /* Debug */ = {
			isa = XCBuildConfiguration;
			buildSettings = {
				ALWAYS_SEARCH_USER_PATHS = NO;
				CLANG_ANALYZER_NONNULL = YES;
				CLANG_ANALYZER_NUMBER_OBJECT_CONVERSION = YES_AGGRESSIVE;
				CLANG_CXX_LANGUAGE_STANDARD = "gnu++0x";
				CLANG_CXX_LIBRARY = "libc++";
				CLANG_ENABLE_MODULES = YES;
				CLANG_ENABLE_OBJC_ARC = YES;
				CLANG_WARN_BOOL_CONVERSION = YES;
				CLANG_WARN_CONSTANT_CONVERSION = YES;
				CLANG_WARN_DIRECT_OBJC_ISA_USAGE = YES_ERROR;
				CLANG_WARN_DOCUMENTATION_COMMENTS = YES;
				CLANG_WARN_EMPTY_BODY = YES;
				CLANG_WARN_ENUM_CONVERSION = YES;
				CLANG_WARN_INFINITE_RECURSION = YES;
				CLANG_WARN_INT_CONVERSION = YES;
				CLANG_WARN_OBJC_ROOT_CLASS = YES_ERROR;
				CLANG_WARN_SUSPICIOUS_MOVE = YES;
				CLANG_WARN_UNREACHABLE_CODE = YES;
				CLANG_WARN__DUPLICATE_METHOD_MATCH = YES;
				"CODE_SIGN_IDENTITY[sdk=iphoneos*]" = "iPhone Developer";
				COPY_PHASE_STRIP = NO;
				DEBUG_INFORMATION_FORMAT = dwarf;
				ENABLE_STRICT_OBJC_MSGSEND = YES;
				ENABLE_TESTABILITY = YES;
				GCC_C_LANGUAGE_STANDARD = gnu99;
				GCC_DYNAMIC_NO_PIC = NO;
				GCC_NO_COMMON_BLOCKS = YES;
				GCC_OPTIMIZATION_LEVEL = 0;
				GCC_PREPROCESSOR_DEFINITIONS = (
					"DEBUG=1",
					"$(inherited)",
				);
				GCC_WARN_64_TO_32_BIT_CONVERSION = YES;
				GCC_WARN_ABOUT_RETURN_TYPE = YES_ERROR;
				GCC_WARN_UNDECLARED_SELECTOR = YES;
				GCC_WARN_UNINITIALIZED_AUTOS = YES_AGGRESSIVE;
				GCC_WARN_UNUSED_FUNCTION = YES;
				GCC_WARN_UNUSED_VARIABLE = YES;
				IPHONEOS_DEPLOYMENT_TARGET = 10.3;
				MTL_ENABLE_DEBUG_INFO = YES;
				ONLY_ACTIVE_ARCH = YES;
				SDKROOT = iphoneos;
				SWIFT_ACTIVE_COMPILATION_CONDITIONS = DEBUG;
				SWIFT_OPTIMIZATION_LEVEL = "-Onone";
				TARGETED_DEVICE_FAMILY = "1,2";
			};
			name = Debug;
		};
		98132E601F18F15B003F7F0D /* Release */ = {
			isa = XCBuildConfiguration;
			buildSettings = {
				ALWAYS_SEARCH_USER_PATHS = NO;
				CLANG_ANALYZER_NONNULL = YES;
				CLANG_ANALYZER_NUMBER_OBJECT_CONVERSION = YES_AGGRESSIVE;
				CLANG_CXX_LANGUAGE_STANDARD = "gnu++0x";
				CLANG_CXX_LIBRARY = "libc++";
				CLANG_ENABLE_MODULES = YES;
				CLANG_ENABLE_OBJC_ARC = YES;
				CLANG_WARN_BOOL_CONVERSION = YES;
				CLANG_WARN_CONSTANT_CONVERSION = YES;
				CLANG_WARN_DIRECT_OBJC_ISA_USAGE = YES_ERROR;
				CLANG_WARN_DOCUMENTATION_COMMENTS = YES;
				CLANG_WARN_EMPTY_BODY = YES;
				CLANG_WARN_ENUM_CONVERSION = YES;
				CLANG_WARN_INFINITE_RECURSION = YES;
				CLANG_WARN_INT_CONVERSION = YES;
				CLANG_WARN_OBJC_ROOT_CLASS = YES_ERROR;
				CLANG_WARN_SUSPICIOUS_MOVE = YES;
				CLANG_WARN_UNREACHABLE_CODE = YES;
				CLANG_WARN__DUPLICATE_METHOD_MATCH = YES;
				"CODE_SIGN_IDENTITY[sdk=iphoneos*]" = "iPhone Developer";
				COPY_PHASE_STRIP = NO;
				DEBUG_INFORMATION_FORMAT = "dwarf-with-dsym";
				ENABLE_NS_ASSERTIONS = NO;
				ENABLE_STRICT_OBJC_MSGSEND = YES;
				GCC_C_LANGUAGE_STANDARD = gnu99;
				GCC_NO_COMMON_BLOCKS = YES;
				GCC_WARN_64_TO_32_BIT_CONVERSION = YES;
				GCC_WARN_ABOUT_RETURN_TYPE = YES_ERROR;
				GCC_WARN_UNDECLARED_SELECTOR = YES;
				GCC_WARN_UNINITIALIZED_AUTOS = YES_AGGRESSIVE;
				GCC_WARN_UNUSED_FUNCTION = YES;
				GCC_WARN_UNUSED_VARIABLE = YES;
				IPHONEOS_DEPLOYMENT_TARGET = 10.3;
				MTL_ENABLE_DEBUG_INFO = NO;
				SDKROOT = iphoneos;
				SWIFT_OPTIMIZATION_LEVEL = "-Owholemodule";
				TARGETED_DEVICE_FAMILY = "1,2";
				VALIDATE_PRODUCT = YES;
			};
			name = Release;
		};
		98132E621F18F15B003F7F0D /* Debug */ = {
			isa = XCBuildConfiguration;
			buildSettings = {
				ASSETCATALOG_COMPILER_APPICON_NAME = AppIcon;
				DEVELOPMENT_TEAM = P55Z59EHDR;
				INFOPLIST_FILE = PokiFinder/Info.plist;
				LD_RUNPATH_SEARCH_PATHS = "$(inherited) @executable_path/Frameworks";
				PRODUCT_BUNDLE_IDENTIFIER = com.BM.PokiFinder.PokiFinder;
				PRODUCT_NAME = "$(TARGET_NAME)";
				SWIFT_VERSION = 3.0;
			};
			name = Debug;
		};
		98132E631F18F15B003F7F0D /* Release */ = {
			isa = XCBuildConfiguration;
			buildSettings = {
				ASSETCATALOG_COMPILER_APPICON_NAME = AppIcon;
				DEVELOPMENT_TEAM = P55Z59EHDR;
				INFOPLIST_FILE = PokiFinder/Info.plist;
				LD_RUNPATH_SEARCH_PATHS = "$(inherited) @executable_path/Frameworks";
				PRODUCT_BUNDLE_IDENTIFIER = com.BM.PokiFinder.PokiFinder;
				PRODUCT_NAME = "$(TARGET_NAME)";
				SWIFT_VERSION = 3.0;
			};
			name = Release;
		};
/* End XCBuildConfiguration section */

/* Begin XCConfigurationList section */
		98132E4A1F18F15A003F7F0D /* Build configuration list for PBXProject "PokiFinder" */ = {
			isa = XCConfigurationList;
			buildConfigurations = (
				98132E5F1F18F15B003F7F0D /* Debug */,
				98132E601F18F15B003F7F0D /* Release */,
			);
			defaultConfigurationIsVisible = 0;
			defaultConfigurationName = Release;
		};
		98132E611F18F15B003F7F0D /* Build configuration list for PBXNativeTarget "PokiFinder" */ = {
			isa = XCConfigurationList;
			buildConfigurations = (
				98132E621F18F15B003F7F0D /* Debug */,
				98132E631F18F15B003F7F0D /* Release */,
			);
			defaultConfigurationIsVisible = 0;
		};
/* End XCConfigurationList section */
	};
	rootObject = 98132E471F18F15A003F7F0D /* Project object */;
}
